// !$*UTF8*$!
{
	archiveVersion = 1;
	classes = {
	};
	objectVersion = 48;
	objects = {

/* Begin PBXBuildFile section */
		729A45E21F2BCF35008F67AA /* AppDelegate.swift in Sources */ = {isa = PBXBuildFile; fileRef = 729A45E11F2BCF35008F67AA /* AppDelegate.swift */; };
		729A45E41F2BCF35008F67AA /* ViewController.swift in Sources */ = {isa = PBXBuildFile; fileRef = 729A45E31F2BCF35008F67AA /* ViewController.swift */; };
		729A45E61F2BCF35008F67AA /* Assets.xcassets in Resources */ = {isa = PBXBuildFile; fileRef = 729A45E51F2BCF35008F67AA /* Assets.xcassets */; };
		729A45E91F2BCF35008F67AA /* Main.storyboard in Resources */ = {isa = PBXBuildFile; fileRef = 729A45E71F2BCF35008F67AA /* Main.storyboard */; };
/* End PBXBuildFile section */

/* Begin PBXFileReference section */
		729A45DE1F2BCF35008F67AA /* SpotlightPains.app */ = {isa = PBXFileReference; explicitFileType = wrapper.application; includeInIndex = 0; path = SpotlightPains.app; sourceTree = BUILT_PRODUCTS_DIR; };
		729A45E11F2BCF35008F67AA /* AppDelegate.swift */ = {isa = PBXFileReference; lastKnownFileType = sourcecode.swift; path = AppDelegate.swift; sourceTree = "<group>"; };
		729A45E31F2BCF35008F67AA /* ViewController.swift */ = {isa = PBXFileReference; lastKnownFileType = sourcecode.swift; path = ViewController.swift; sourceTree = "<group>"; };
		729A45E51F2BCF35008F67AA /* Assets.xcassets */ = {isa = PBXFileReference; lastKnownFileType = folder.assetcatalog; path = Assets.xcassets; sourceTree = "<group>"; };
		729A45E81F2BCF35008F67AA /* Base */ = {isa = PBXFileReference; lastKnownFileType = file.storyboard; name = Base; path = Base.lproj/Main.storyboard; sourceTree = "<group>"; };
		729A45EA1F2BCF35008F67AA /* Info.plist */ = {isa = PBXFileReference; lastKnownFileType = text.plist.xml; path = Info.plist; sourceTree = "<group>"; };
		729A45EB1F2BCF35008F67AA /* SpotlightPains.entitlements */ = {isa = PBXFileReference; lastKnownFileType = text.plist.entitlements; path = SpotlightPains.entitlements; sourceTree = "<group>"; };
/* End PBXFileReference section */

/* Begin PBXFrameworksBuildPhase section */
		729A45DB1F2BCF35008F67AA /* Frameworks */ = {
			isa = PBXFrameworksBuildPhase;
			buildActionMask = 2147483647;
			files = (
			);
			runOnlyForDeploymentPostprocessing = 0;
		};
/* End PBXFrameworksBuildPhase section */

/* Begin PBXGroup section */
		729A45D51F2BCF35008F67AA = {
			isa = PBXGroup;
			children = (
				729A45E01F2BCF35008F67AA /* SpotlightPains */,
				729A45DF1F2BCF35008F67AA /* Products */,
			);
			sourceTree = "<group>";
		};
		729A45DF1F2BCF35008F67AA /* Products */ = {
			isa = PBXGroup;
			children = (
				729A45DE1F2BCF35008F67AA /* SpotlightPains.app */,
			);
			name = Products;
			sourceTree = "<group>";
		};
		729A45E01F2BCF35008F67AA /* SpotlightPains */ = {
			isa = PBXGroup;
			children = (
				729A45E11F2BCF35008F67AA /* AppDelegate.swift */,
				729A45E31F2BCF35008F67AA /* ViewController.swift */,
				729A45E51F2BCF35008F67AA /* Assets.xcassets */,
				729A45E71F2BCF35008F67AA /* Main.storyboard */,
				729A45EA1F2BCF35008F67AA /* Info.plist */,
				729A45EB1F2BCF35008F67AA /* SpotlightPains.entitlements */,
			);
			path = SpotlightPains;
			sourceTree = "<group>";
		};
/* End PBXGroup section */

/* Begin PBXNativeTarget section */
		729A45DD1F2BCF35008F67AA /* SpotlightPains */ = {
			isa = PBXNativeTarget;
			buildConfigurationList = 729A45EE1F2BCF35008F67AA /* Build configuration list for PBXNativeTarget "SpotlightPains" */;
			buildPhases = (
				729A45DA1F2BCF35008F67AA /* Sources */,
				729A45DB1F2BCF35008F67AA /* Frameworks */,
				729A45DC1F2BCF35008F67AA /* Resources */,
			);
			buildRules = (
			);
			dependencies = (
			);
			name = SpotlightPains;
			productName = SpotlightPains;
			productReference = 729A45DE1F2BCF35008F67AA /* SpotlightPains.app */;
			productType = "com.apple.product-type.application";
		};
/* End PBXNativeTarget section */

/* Begin PBXProject section */
		729A45D61F2BCF35008F67AA /* Project object */ = {
			isa = PBXProject;
			attributes = {
				LastSwiftUpdateCheck = 0900;
				LastUpgradeCheck = 0900;
				ORGANIZATIONNAME = "Brian Michel";
				TargetAttributes = {
					729A45DD1F2BCF35008F67AA = {
						CreatedOnToolsVersion = 9.0;
					};
				};
			};
			buildConfigurationList = 729A45D91F2BCF35008F67AA /* Build configuration list for PBXProject "SpotlightPains" */;
			compatibilityVersion = "Xcode 8.0";
			developmentRegion = en;
			hasScannedForEncodings = 0;
			knownRegions = (
				en,
				Base,
			);
			mainGroup = 729A45D51F2BCF35008F67AA;
			productRefGroup = 729A45DF1F2BCF35008F67AA /* Products */;
			projectDirPath = "";
			projectRoot = "";
			targets = (
				729A45DD1F2BCF35008F67AA /* SpotlightPains */,
			);
		};
/* End PBXProject section */

/* Begin PBXResourcesBuildPhase section */
		729A45DC1F2BCF35008F67AA /* Resources */ = {
			isa = PBXResourcesBuildPhase;
			buildActionMask = 2147483647;
			files = (
				729A45E61F2BCF35008F67AA /* Assets.xcassets in Resources */,
				729A45E91F2BCF35008F67AA /* Main.storyboard in Resources */,
			);
			runOnlyForDeploymentPostprocessing = 0;
		};
/* End PBXResourcesBuildPhase section */

/* Begin PBXSourcesBuildPhase section */
		729A45DA1F2BCF35008F67AA /* Sources */ = {
			isa = PBXSourcesBuildPhase;
			buildActionMask = 2147483647;
			files = (
				729A45E41F2BCF35008F67AA /* ViewController.swift in Sources */,
				729A45E21F2BCF35008F67AA /* AppDelegate.swift in Sources */,
			);
			runOnlyForDeploymentPostprocessing = 0;
		};
/* End PBXSourcesBuildPhase section */

/* Begin PBXVariantGroup section */
		729A45E71F2BCF35008F67AA /* Main.storyboard */ = {
			isa = PBXVariantGroup;
			children = (
				729A45E81F2BCF35008F67AA /* Base */,
			);
			name = Main.storyboard;
			sourceTree = "<group>";
		};
/* End PBXVariantGroup section */

/* Begin XCBuildConfiguration section */
		729A45EC1F2BCF35008F67AA /* Debug */ = {
			isa = XCBuildConfiguration;
			buildSettings = {
				ALWAYS_SEARCH_USER_PATHS = NO;
				CLANG_ANALYZER_NONNULL = YES;
				CLANG_ANALYZER_NUMBER_OBJECT_CONVERSION = YES_AGGRESSIVE;
				CLANG_CXX_LANGUAGE_STANDARD = "gnu++14";
				CLANG_CXX_LIBRARY = "libc++";
				CLANG_ENABLE_MODULES = YES;
				CLANG_ENABLE_OBJC_ARC = YES;
				CLANG_WARN_BLOCK_CAPTURE_AUTORELEASING = YES;
				CLANG_WARN_BOOL_CONVERSION = YES;
				CLANG_WARN_COMMA = YES;
				CLANG_WARN_CONSTANT_CONVERSION = YES;
				CLANG_WARN_DIRECT_OBJC_ISA_USAGE = YES_ERROR;
				CLANG_WARN_DOCUMENTATION_COMMENTS = YES;
				CLANG_WARN_EMPTY_BODY = YES;
				CLANG_WARN_ENUM_CONVERSION = YES;
				CLANG_WARN_INFINITE_RECURSION = YES;
				CLANG_WARN_INT_CONVERSION = YES;
				CLANG_WARN_OBJC_ROOT_CLASS = YES_ERROR;
				CLANG_WARN_RANGE_LOOP_ANALYSIS = YES;
				CLANG_WARN_STRICT_PROTOTYPES = YES;
				CLANG_WARN_SUSPICIOUS_MOVE = YES;
				CLANG_WARN_UNGUARDED_AVAILABILITY = YES_AGGRESSIVE;
				CLANG_WARN_UNREACHABLE_CODE = YES;
				CLANG_WARN__DUPLICATE_METHOD_MATCH = YES;
				CODE_SIGN_IDENTITY = "Mac Developer";
				COPY_PHASE_STRIP = NO;
				DEBUG_INFORMATION_FORMAT = dwarf;
				ENABLE_STRICT_OBJC_MSGSEND = YES;
				ENABLE_TESTABILITY = YES;
				GCC_C_LANGUAGE_STANDARD = gnu11;
				GCC_DYNAMIC_NO_PIC = NO;
				GCC_NO_COMMON_BLOCKS = YES;
				GCC_OPTIMIZATION_LEVEL = 0;
				GCC_PREPROCESSOR_DEFINITIONS = (
					"DEBUG=1",
					"$(inherited)",
				);
				GCC_WARN_64_TO_32_BIT_CONVERSION = YES;
				GCC_WARN_ABOUT_RETURN_TYPE = YES_ERROR;
				GCC_WARN_UNDECLARED_SELECTOR = YES;
				GCC_WARN_UNINITIALIZED_AUTOS = YES_AGGRESSIVE;
				GCC_WARN_UNUSED_FUNCTION = YES;
				GCC_WARN_UNUSED_VARIABLE = YES;
				MACOSX_DEPLOYMENT_TARGET = 10.12;
				MTL_ENABLE_DEBUG_INFO = YES;
				ONLY_ACTIVE_ARCH = YES;
				SDKROOT = macosx;
				SWIFT_ACTIVE_COMPILATION_CONDITIONS = DEBUG;
				SWIFT_OPTIMIZATION_LEVEL = "-Onone";
			};
			name = Debug;
		};
		729A45ED1F2BCF35008F67AA /* Release */ = {
			isa = XCBuildConfiguration;
			buildSettings = {
				ALWAYS_SEARCH_USER_PATHS = NO;
				CLANG_ANALYZER_NONNULL = YES;
				CLANG_ANALYZER_NUMBER_OBJECT_CONVERSION = YES_AGGRESSIVE;
				CLANG_CXX_LANGUAGE_STANDARD = "gnu++14";
				CLANG_CXX_LIBRARY = "libc++";
				CLANG_ENABLE_MODULES = YES;
				CLANG_ENABLE_OBJC_ARC = YES;
				CLANG_WARN_BLOCK_CAPTURE_AUTORELEASING = YES;
				CLANG_WARN_BOOL_CONVERSION = YES;
				CLANG_WARN_COMMA = YES;
				CLANG_WARN_CONSTANT_CONVERSION = YES;
				CLANG_WARN_DIRECT_OBJC_ISA_USAGE = YES_ERROR;
				CLANG_WARN_DOCUMENTATION_COMMENTS = YES;
				CLANG_WARN_EMPTY_BODY = YES;
				CLANG_WARN_ENUM_CONVERSION = YES;
				CLANG_WARN_INFINITE_RECURSION = YES;
				CLANG_WARN_INT_CONVERSION = YES;
				CLANG_WARN_OBJC_ROOT_CLASS = YES_ERROR;
				CLANG_WARN_RANGE_LOOP_ANALYSIS = YES;
				CLANG_WARN_STRICT_PROTOTYPES = YES;
				CLANG_WARN_SUSPICIOUS_MOVE = YES;
				CLANG_WARN_UNGUARDED_AVAILABILITY = YES_AGGRESSIVE;
				CLANG_WARN_UNREACHABLE_CODE = YES;
				CLANG_WARN__DUPLICATE_METHOD_MATCH = YES;
				CODE_SIGN_IDENTITY = "Mac Developer";
				COPY_PHASE_STRIP = NO;
				DEBUG_INFORMATION_FORMAT = "dwarf-with-dsym";
				ENABLE_NS_ASSERTIONS = NO;
				ENABLE_STRICT_OBJC_MSGSEND = YES;
				GCC_C_LANGUAGE_STANDARD = gnu11;
				GCC_NO_COMMON_BLOCKS = YES;
				GCC_WARN_64_TO_32_BIT_CONVERSION = YES;
				GCC_WARN_ABOUT_RETURN_TYPE = YES_ERROR;
				GCC_WARN_UNDECLARED_SELECTOR = YES;
				GCC_WARN_UNINITIALIZED_AUTOS = YES_AGGRESSIVE;
				GCC_WARN_UNUSED_FUNCTION = YES;
				GCC_WARN_UNUSED_VARIABLE = YES;
				MACOSX_DEPLOYMENT_TARGET = 10.12;
				MTL_ENABLE_DEBUG_INFO = NO;
				SDKROOT = macosx;
				SWIFT_OPTIMIZATION_LEVEL = "-Owholemodule";
			};
			name = Release;
		};
		729A45EF1F2BCF35008F67AA /* Debug */ = {
			isa = XCBuildConfiguration;
			buildSettings = {
				ASSETCATALOG_COMPILER_APPICON_NAME = AppIcon;
				CODE_SIGN_ENTITLEMENTS = SpotlightPains/SpotlightPains.entitlements;
				COMBINE_HIDPI_IMAGES = YES;
				DEVELOPMENT_TEAM = YN24FFRTC8;
				INFOPLIST_FILE = SpotlightPains/Info.plist;
				LD_RUNPATH_SEARCH_PATHS = "$(inherited) @executable_path/../Frameworks";
				PRODUCT_BUNDLE_IDENTIFIER = pizza.maximum.SpotlightPains;
				PRODUCT_NAME = "$(TARGET_NAME)";
				SWIFT_VERSION = 4.0;
			};
			name = Debug;
		};
		729A45F01F2BCF35008F67AA /* Release */ = {
			isa = XCBuildConfiguration;
			buildSettings = {
				ASSETCATALOG_COMPILER_APPICON_NAME = AppIcon;
				CODE_SIGN_ENTITLEMENTS = SpotlightPains/SpotlightPains.entitlements;
				COMBINE_HIDPI_IMAGES = YES;
				DEVELOPMENT_TEAM = YN24FFRTC8;
				INFOPLIST_FILE = SpotlightPains/Info.plist;
				LD_RUNPATH_SEARCH_PATHS = "$(inherited) @executable_path/../Frameworks";
				PRODUCT_BUNDLE_IDENTIFIER = pizza.maximum.SpotlightPains;
				PRODUCT_NAME = "$(TARGET_NAME)";
				SWIFT_VERSION = 4.0;
			};
			name = Release;
		};
/* End XCBuildConfiguration section */

/* Begin XCConfigurationList section */
		729A45D91F2BCF35008F67AA /* Build configuration list for PBXProject "SpotlightPains" */ = {
			isa = XCConfigurationList;
			buildConfigurations = (
				729A45EC1F2BCF35008F67AA /* Debug */,
				729A45ED1F2BCF35008F67AA /* Release */,
			);
			defaultConfigurationIsVisible = 0;
			defaultConfigurationName = Release;
		};
		729A45EE1F2BCF35008F67AA /* Build configuration list for PBXNativeTarget "SpotlightPains" */ = {
			isa = XCConfigurationList;
			buildConfigurations = (
				729A45EF1F2BCF35008F67AA /* Debug */,
				729A45F01F2BCF35008F67AA /* Release */,
			);
			defaultConfigurationIsVisible = 0;
		};
/* End XCConfigurationList section */
	};
	rootObject = 729A45D61F2BCF35008F67AA /* Project object */;
}
